// !$*UTF8*$!
{
	archiveVersion = 1;
	classes = {
	};
	objectVersion = 55;
	objects = {

/* Begin PBXBuildFile section */
		5139A4B728451DC000910525 /* DunamuRowView.swift in Sources */ = {isa = PBXBuildFile; fileRef = 5139A4B628451DC000910525 /* DunamuRowView.swift */; };
		5151DAA0283F0C9000943B14 /* FlagKit in Frameworks */ = {isa = PBXBuildFile; productRef = 5151DA9F283F0C9000943B14 /* FlagKit */; };
		5151DAA2283F582400943B14 /* Dunamu.swift in Sources */ = {isa = PBXBuildFile; fileRef = 5151DAA1283F582300943B14 /* Dunamu.swift */; };
		5151DAA6283F5FCB00943B14 /* DunamuModel.swift in Sources */ = {isa = PBXBuildFile; fileRef = 5151DAA5283F5FCB00943B14 /* DunamuModel.swift */; };
		5151DAA8283F63BB00943B14 /* DunamuMainView.swift in Sources */ = {isa = PBXBuildFile; fileRef = 5151DAA7283F63BB00943B14 /* DunamuMainView.swift */; };
		5151DAAC283F65B000943B14 /* CountryModel.swift in Sources */ = {isa = PBXBuildFile; fileRef = 5151DAAB283F65B000943B14 /* CountryModel.swift */; };
		5151DAAE283F686C00943B14 /* DunamuViewModel.swift in Sources */ = {isa = PBXBuildFile; fileRef = 5151DAAD283F686C00943B14 /* DunamuViewModel.swift */; };
		5158F079284739590013ADC6 /* DunamuMainViewHeader.swift in Sources */ = {isa = PBXBuildFile; fileRef = 5158F078284739590013ADC6 /* DunamuMainViewHeader.swift */; };
		5158F08D2848DB630013ADC6 /* Introspect in Frameworks */ = {isa = PBXBuildFile; productRef = 5158F08C2848DB630013ADC6 /* Introspect */; };
		515A052F287CC12700AC5FD4 /* TabBarView.swift in Sources */ = {isa = PBXBuildFile; fileRef = 515A052E287CC12700AC5FD4 /* TabBarView.swift */; };
		515A0532287CC1D700AC5FD4 /* CalculateMainView.swift in Sources */ = {isa = PBXBuildFile; fileRef = 515A0531287CC1D700AC5FD4 /* CalculateMainView.swift */; };
		515C36D928617A9C00A3D74A /* PopupView in Frameworks */ = {isa = PBXBuildFile; productRef = 515C36D828617A9C00A3D74A /* PopupView */; };
		51BEEA5328587CCB0014F4DD /* IBMPlexSansKR-Regular.otf in Resources */ = {isa = PBXBuildFile; fileRef = 51BEEA5228587CCB0014F4DD /* IBMPlexSansKR-Regular.otf */; };
		51C06B832875658B002BF611 /* IBMPlexSansKR-Medium.otf in Resources */ = {isa = PBXBuildFile; fileRef = 51C06B822875658B002BF611 /* IBMPlexSansKR-Medium.otf */; };
		51C06B8528756D18002BF611 /* RealmManager.swift in Sources */ = {isa = PBXBuildFile; fileRef = 51C06B8428756D18002BF611 /* RealmManager.swift */; };
		51C06B93287707B2002BF611 /* BottomSheetView.swift in Sources */ = {isa = PBXBuildFile; fileRef = 51C06B92287707B2002BF611 /* BottomSheetView.swift */; };
		51C06B9728771A71002BF611 /* StandardCountryModel.swift in Sources */ = {isa = PBXBuildFile; fileRef = 51C06B9628771A71002BF611 /* StandardCountryModel.swift */; };
		51CAB408283B8A1500EA2764 /* exchange_rate_calculatorApp.swift in Sources */ = {isa = PBXBuildFile; fileRef = 51CAB407283B8A1500EA2764 /* exchange_rate_calculatorApp.swift */; };
		51CAB40C283B8A1600EA2764 /* Assets.xcassets in Resources */ = {isa = PBXBuildFile; fileRef = 51CAB40B283B8A1600EA2764 /* Assets.xcassets */; };
		51CAB40F283B8A1600EA2764 /* Preview Assets.xcassets in Resources */ = {isa = PBXBuildFile; fileRef = 51CAB40E283B8A1600EA2764 /* Preview Assets.xcassets */; };
		51CAB416283B8BA500EA2764 /* GoogleService-Info.plist in Resources */ = {isa = PBXBuildFile; fileRef = 51CAB415283B8BA500EA2764 /* GoogleService-Info.plist */; };
		51CAB422283B8C1700EA2764 /* Alamofire in Frameworks */ = {isa = PBXBuildFile; productRef = 51CAB421283B8C1700EA2764 /* Alamofire */; };
		51CAB425283B8C9800EA2764 /* Realm in Frameworks */ = {isa = PBXBuildFile; productRef = 51CAB424283B8C9800EA2764 /* Realm */; };
		51CAB427283B8C9800EA2764 /* RealmSwift in Frameworks */ = {isa = PBXBuildFile; productRef = 51CAB426283B8C9800EA2764 /* RealmSwift */; };
		BC12346A283D087E0032FC56 /* ExchangeTextView.swift in Sources */ = {isa = PBXBuildFile; fileRef = BC123469283D087E0032FC56 /* ExchangeTextView.swift */; };
		BC15F80D284498EA0075C4D5 /* KeyboardView.swift in Sources */ = {isa = PBXBuildFile; fileRef = BC15F80C284498EA0075C4D5 /* KeyboardView.swift */; };
		BC263AF12861836000844912 /* GoogleMobileAds in Frameworks */ = {isa = PBXBuildFile; productRef = BC263AF02861836000844912 /* GoogleMobileAds */; };
		BC263AF32861869E00844912 /* GADBanner.swift in Sources */ = {isa = PBXBuildFile; fileRef = BC263AF22861869E00844912 /* GADBanner.swift */; };
		BC2E538F2850A0CA00A0F471 /* Extensions.swift in Sources */ = {isa = PBXBuildFile; fileRef = BC2E538E2850A0CA00A0F471 /* Extensions.swift */; };
		BC2E53912850A3DD00A0F471 /* CalculateCountryListView.swift in Sources */ = {isa = PBXBuildFile; fileRef = BC2E53902850A3DD00A0F471 /* CalculateCountryListView.swift */; };
		BC54476E283F375E00C0E2B0 /* MyCountryModel.swift in Sources */ = {isa = PBXBuildFile; fileRef = BC54476D283F375E00C0E2B0 /* MyCountryModel.swift */; };
		BC66920E2848846E0046DC92 /* ExchangeFlagView.swift in Sources */ = {isa = PBXBuildFile; fileRef = BC66920D2848846E0046DC92 /* ExchangeFlagView.swift */; };
/* End PBXBuildFile section */

/* Begin PBXFileReference section */
		5139A4B628451DC000910525 /* DunamuRowView.swift */ = {isa = PBXFileReference; lastKnownFileType = sourcecode.swift; path = DunamuRowView.swift; sourceTree = "<group>"; };
		5151DAA1283F582300943B14 /* Dunamu.swift */ = {isa = PBXFileReference; lastKnownFileType = sourcecode.swift; path = Dunamu.swift; sourceTree = "<group>"; };
		5151DAA5283F5FCB00943B14 /* DunamuModel.swift */ = {isa = PBXFileReference; lastKnownFileType = sourcecode.swift; path = DunamuModel.swift; sourceTree = "<group>"; };
		5151DAA7283F63BB00943B14 /* DunamuMainView.swift */ = {isa = PBXFileReference; lastKnownFileType = sourcecode.swift; path = DunamuMainView.swift; sourceTree = "<group>"; };
		5151DAAB283F65B000943B14 /* CountryModel.swift */ = {isa = PBXFileReference; lastKnownFileType = sourcecode.swift; path = CountryModel.swift; sourceTree = "<group>"; };
		5151DAAD283F686C00943B14 /* DunamuViewModel.swift */ = {isa = PBXFileReference; lastKnownFileType = sourcecode.swift; path = DunamuViewModel.swift; sourceTree = "<group>"; };
		5158F078284739590013ADC6 /* DunamuMainViewHeader.swift */ = {isa = PBXFileReference; lastKnownFileType = sourcecode.swift; path = DunamuMainViewHeader.swift; sourceTree = "<group>"; };
		515A052E287CC12700AC5FD4 /* TabBarView.swift */ = {isa = PBXFileReference; lastKnownFileType = sourcecode.swift; path = TabBarView.swift; sourceTree = "<group>"; };
		515A0531287CC1D700AC5FD4 /* CalculateMainView.swift */ = {isa = PBXFileReference; lastKnownFileType = sourcecode.swift; path = CalculateMainView.swift; sourceTree = "<group>"; };
		51BEEA5228587CCB0014F4DD /* IBMPlexSansKR-Regular.otf */ = {isa = PBXFileReference; lastKnownFileType = file; path = "IBMPlexSansKR-Regular.otf"; sourceTree = "<group>"; };
		51C06B822875658B002BF611 /* IBMPlexSansKR-Medium.otf */ = {isa = PBXFileReference; lastKnownFileType = file; path = "IBMPlexSansKR-Medium.otf"; sourceTree = "<group>"; };
		51C06B8428756D18002BF611 /* RealmManager.swift */ = {isa = PBXFileReference; lastKnownFileType = sourcecode.swift; path = RealmManager.swift; sourceTree = "<group>"; };
		51C06B92287707B2002BF611 /* BottomSheetView.swift */ = {isa = PBXFileReference; lastKnownFileType = sourcecode.swift; path = BottomSheetView.swift; sourceTree = "<group>"; };
		51C06B9628771A71002BF611 /* StandardCountryModel.swift */ = {isa = PBXFileReference; lastKnownFileType = sourcecode.swift; path = StandardCountryModel.swift; sourceTree = "<group>"; };
		51CAB404283B8A1500EA2764 /* exchange_rate_calculator.app */ = {isa = PBXFileReference; explicitFileType = wrapper.application; includeInIndex = 0; path = exchange_rate_calculator.app; sourceTree = BUILT_PRODUCTS_DIR; };
		51CAB407283B8A1500EA2764 /* exchange_rate_calculatorApp.swift */ = {isa = PBXFileReference; lastKnownFileType = sourcecode.swift; path = exchange_rate_calculatorApp.swift; sourceTree = "<group>"; };
		51CAB40B283B8A1600EA2764 /* Assets.xcassets */ = {isa = PBXFileReference; lastKnownFileType = folder.assetcatalog; path = Assets.xcassets; sourceTree = "<group>"; };
		51CAB40E283B8A1600EA2764 /* Preview Assets.xcassets */ = {isa = PBXFileReference; lastKnownFileType = folder.assetcatalog; path = "Preview Assets.xcassets"; sourceTree = "<group>"; };
		51CAB415283B8BA500EA2764 /* GoogleService-Info.plist */ = {isa = PBXFileReference; fileEncoding = 4; lastKnownFileType = text.plist.xml; path = "GoogleService-Info.plist"; sourceTree = "<group>"; };
		51CAB42D283B8CE500EA2764 /* ExchangeViewModel.swift */ = {isa = PBXFileReference; fileEncoding = 4; lastKnownFileType = sourcecode.swift; path = ExchangeViewModel.swift; sourceTree = "<group>"; };
		51CAB437283B8F7C00EA2764 /* exchange-rate-calculator-Info.plist */ = {isa = PBXFileReference; lastKnownFileType = text.plist; path = "exchange-rate-calculator-Info.plist"; sourceTree = SOURCE_ROOT; };
		BC123469283D087E0032FC56 /* ExchangeTextView.swift */ = {isa = PBXFileReference; lastKnownFileType = sourcecode.swift; path = ExchangeTextView.swift; sourceTree = "<group>"; };
		BC15F80C284498EA0075C4D5 /* KeyboardView.swift */ = {isa = PBXFileReference; lastKnownFileType = sourcecode.swift; path = KeyboardView.swift; sourceTree = "<group>"; };
		BC263AF22861869E00844912 /* GADBanner.swift */ = {isa = PBXFileReference; lastKnownFileType = sourcecode.swift; path = GADBanner.swift; sourceTree = "<group>"; };
		BC2E538E2850A0CA00A0F471 /* Extensions.swift */ = {isa = PBXFileReference; lastKnownFileType = sourcecode.swift; path = Extensions.swift; sourceTree = "<group>"; };
		BC2E53902850A3DD00A0F471 /* CalculateCountryListView.swift */ = {isa = PBXFileReference; lastKnownFileType = sourcecode.swift; path = CalculateCountryListView.swift; sourceTree = "<group>"; };
		BC54476D283F375E00C0E2B0 /* MyCountryModel.swift */ = {isa = PBXFileReference; lastKnownFileType = sourcecode.swift; path = MyCountryModel.swift; sourceTree = "<group>"; };
		BC66920D2848846E0046DC92 /* ExchangeFlagView.swift */ = {isa = PBXFileReference; lastKnownFileType = sourcecode.swift; path = ExchangeFlagView.swift; sourceTree = "<group>"; };
/* End PBXFileReference section */

/* Begin PBXFrameworksBuildPhase section */
		51CAB401283B8A1500EA2764 /* Frameworks */ = {
			isa = PBXFrameworksBuildPhase;
			buildActionMask = 2147483647;
			files = (
				51CAB425283B8C9800EA2764 /* Realm in Frameworks */,
				5158F08D2848DB630013ADC6 /* Introspect in Frameworks */,
				515C36D928617A9C00A3D74A /* PopupView in Frameworks */,
				5151DAA0283F0C9000943B14 /* FlagKit in Frameworks */,
				51CAB422283B8C1700EA2764 /* Alamofire in Frameworks */,
				BC263AF12861836000844912 /* GoogleMobileAds in Frameworks */,
				51CAB427283B8C9800EA2764 /* RealmSwift in Frameworks */,
			);
			runOnlyForDeploymentPostprocessing = 0;
		};
/* End PBXFrameworksBuildPhase section */

/* Begin PBXGroup section */
		519605992846135900A245C1 /* Recovered References */ = {
			isa = PBXGroup;
			children = (
				51CAB42D283B8CE500EA2764 /* ExchangeViewModel.swift */,
			);
			name = "Recovered References";
			sourceTree = "<group>";
		};
		51BEEA5128587C950014F4DD /* Font */ = {
			isa = PBXGroup;
			children = (
				51C06B822875658B002BF611 /* IBMPlexSansKR-Medium.otf */,
				51BEEA5228587CCB0014F4DD /* IBMPlexSansKR-Regular.otf */,
			);
			path = Font;
			sourceTree = "<group>";
		};
		51C06B9128770769002BF611 /* StandardCurrencyChange */ = {
			isa = PBXGroup;
			children = (
				51C06B92287707B2002BF611 /* BottomSheetView.swift */,
			);
			path = StandardCurrencyChange;
			sourceTree = "<group>";
		};
		51CAB3FB283B8A1500EA2764 = {
			isa = PBXGroup;
			children = (
				51CAB406283B8A1500EA2764 /* exchange_rate_calculator */,
				51CAB405283B8A1500EA2764 /* Products */,
				519605992846135900A245C1 /* Recovered References */,
			);
			sourceTree = "<group>";
		};
		51CAB405283B8A1500EA2764 /* Products */ = {
			isa = PBXGroup;
			children = (
				51CAB404283B8A1500EA2764 /* exchange_rate_calculator.app */,
			);
			name = Products;
			sourceTree = "<group>";
		};
		51CAB406283B8A1500EA2764 /* exchange_rate_calculator */ = {
			isa = PBXGroup;
			children = (
				51CAB437283B8F7C00EA2764 /* exchange-rate-calculator-Info.plist */,
				BC2E538D2850A09700A0F471 /* Resources */,
				51CAB430283B8D0500EA2764 /* Api */,
				51CAB428283B8CBB00EA2764 /* Model */,
				51CAB42B283B8CD000EA2764 /* View */,
				51CAB42C283B8CE500EA2764 /* ViewModel */,
				51CAB415283B8BA500EA2764 /* GoogleService-Info.plist */,
				51CAB407283B8A1500EA2764 /* exchange_rate_calculatorApp.swift */,
				51CAB40B283B8A1600EA2764 /* Assets.xcassets */,
				51CAB40D283B8A1600EA2764 /* Preview Content */,
			);
			path = exchange_rate_calculator;
			sourceTree = "<group>";
		};
		51CAB40D283B8A1600EA2764 /* Preview Content */ = {
			isa = PBXGroup;
			children = (
				51CAB40E283B8A1600EA2764 /* Preview Assets.xcassets */,
			);
			path = "Preview Content";
			sourceTree = "<group>";
		};
		51CAB428283B8CBB00EA2764 /* Model */ = {
			isa = PBXGroup;
			children = (
				5151DAA5283F5FCB00943B14 /* DunamuModel.swift */,
				5151DAAB283F65B000943B14 /* CountryModel.swift */,
				BC54476D283F375E00C0E2B0 /* MyCountryModel.swift */,
				51C06B9628771A71002BF611 /* StandardCountryModel.swift */,
			);
			path = Model;
			sourceTree = "<group>";
		};
		51CAB42B283B8CD000EA2764 /* View */ = {
			isa = PBXGroup;
			children = (
				BC263AF52862006A00844912 /* Dunamu */,
				BC263AF42862004800844912 /* Calculate */,
				BC15F80C284498EA0075C4D5 /* KeyboardView.swift */,
				515A052E287CC12700AC5FD4 /* TabBarView.swift */,
			);
			path = View;
			sourceTree = "<group>";
		};
		51CAB42C283B8CE500EA2764 /* ViewModel */ = {
			isa = PBXGroup;
			children = (
				5151DAAD283F686C00943B14 /* DunamuViewModel.swift */,
			);
			path = ViewModel;
			sourceTree = "<group>";
		};
		51CAB430283B8D0500EA2764 /* Api */ = {
			isa = PBXGroup;
			children = (
				5151DAA1283F582300943B14 /* Dunamu.swift */,
				51C06B8428756D18002BF611 /* RealmManager.swift */,
			);
			path = Api;
			sourceTree = "<group>";
		};
		BC263AF42862004800844912 /* Calculate */ = {
			isa = PBXGroup;
			children = (
				BC263AF62862009800844912 /* Exchange */,
				BC2E53902850A3DD00A0F471 /* CalculateCountryListView.swift */,
				515A0531287CC1D700AC5FD4 /* CalculateMainView.swift */,
			);
			path = Calculate;
			sourceTree = "<group>";
		};
		BC263AF52862006A00844912 /* Dunamu */ = {
			isa = PBXGroup;
			children = (
				51C06B9128770769002BF611 /* StandardCurrencyChange */,
				5151DAA7283F63BB00943B14 /* DunamuMainView.swift */,
				5139A4B628451DC000910525 /* DunamuRowView.swift */,
				5158F078284739590013ADC6 /* DunamuMainViewHeader.swift */,
			);
			path = Dunamu;
			sourceTree = "<group>";
		};
		BC263AF62862009800844912 /* Exchange */ = {
			isa = PBXGroup;
			children = (
				BC123469283D087E0032FC56 /* ExchangeTextView.swift */,
				BC66920D2848846E0046DC92 /* ExchangeFlagView.swift */,
			);
			path = Exchange;
			sourceTree = "<group>";
		};
		BC2E538D2850A09700A0F471 /* Resources */ = {
			isa = PBXGroup;
			children = (
				51BEEA5128587C950014F4DD /* Font */,
				BC2E538E2850A0CA00A0F471 /* Extensions.swift */,
				BC263AF22861869E00844912 /* GADBanner.swift */,
			);
			path = Resources;
			sourceTree = "<group>";
		};
/* End PBXGroup section */

/* Begin PBXNativeTarget section */
		51CAB403283B8A1500EA2764 /* exchange_rate_calculator */ = {
			isa = PBXNativeTarget;
			buildConfigurationList = 51CAB412283B8A1600EA2764 /* Build configuration list for PBXNativeTarget "exchange_rate_calculator" */;
			buildPhases = (
				51CAB400283B8A1500EA2764 /* Sources */,
				51CAB401283B8A1500EA2764 /* Frameworks */,
				51CAB402283B8A1500EA2764 /* Resources */,
			);
			buildRules = (
			);
			dependencies = (
			);
			name = exchange_rate_calculator;
			packageProductDependencies = (
				51CAB421283B8C1700EA2764 /* Alamofire */,
				51CAB424283B8C9800EA2764 /* Realm */,
				51CAB426283B8C9800EA2764 /* RealmSwift */,
				5151DA9F283F0C9000943B14 /* FlagKit */,
				5158F08C2848DB630013ADC6 /* Introspect */,
				515C36D828617A9C00A3D74A /* PopupView */,
				BC263AF02861836000844912 /* GoogleMobileAds */,
			);
			productName = exchange_rate_calculator;
			productReference = 51CAB404283B8A1500EA2764 /* exchange_rate_calculator.app */;
			productType = "com.apple.product-type.application";
		};
/* End PBXNativeTarget section */

/* Begin PBXProject section */
		51CAB3FC283B8A1500EA2764 /* Project object */ = {
			isa = PBXProject;
			attributes = {
				BuildIndependentTargetsInParallel = 1;
				LastSwiftUpdateCheck = 1340;
				LastUpgradeCheck = 1340;
				TargetAttributes = {
					51CAB403283B8A1500EA2764 = {
						CreatedOnToolsVersion = 13.4;
					};
				};
			};
			buildConfigurationList = 51CAB3FF283B8A1500EA2764 /* Build configuration list for PBXProject "exchange_rate_calculator" */;
			compatibilityVersion = "Xcode 13.0";
			developmentRegion = ko;
			hasScannedForEncodings = 0;
			knownRegions = (
				ko,
				Base,
			);
			mainGroup = 51CAB3FB283B8A1500EA2764;
			packageReferences = (
				51CAB420283B8C1700EA2764 /* XCRemoteSwiftPackageReference "Alamofire" */,
				51CAB423283B8C9800EA2764 /* XCRemoteSwiftPackageReference "realm-swift" */,
				5151DA9E283F0C9000943B14 /* XCRemoteSwiftPackageReference "FlagKit" */,
				5158F08B2848DB630013ADC6 /* XCRemoteSwiftPackageReference "SwiftUI-Introspect" */,
				515C36D728617A9C00A3D74A /* XCRemoteSwiftPackageReference "PopupView" */,
				BC263AEF2861836000844912 /* XCRemoteSwiftPackageReference "swift-package-manager-google-mobile-ads" */,
			);
			productRefGroup = 51CAB405283B8A1500EA2764 /* Products */;
			projectDirPath = "";
			projectRoot = "";
			targets = (
				51CAB403283B8A1500EA2764 /* exchange_rate_calculator */,
			);
		};
/* End PBXProject section */

/* Begin PBXResourcesBuildPhase section */
		51CAB402283B8A1500EA2764 /* Resources */ = {
			isa = PBXResourcesBuildPhase;
			buildActionMask = 2147483647;
			files = (
				51CAB40F283B8A1600EA2764 /* Preview Assets.xcassets in Resources */,
				51BEEA5328587CCB0014F4DD /* IBMPlexSansKR-Regular.otf in Resources */,
				51C06B832875658B002BF611 /* IBMPlexSansKR-Medium.otf in Resources */,
				51CAB416283B8BA500EA2764 /* GoogleService-Info.plist in Resources */,
				51CAB40C283B8A1600EA2764 /* Assets.xcassets in Resources */,
			);
			runOnlyForDeploymentPostprocessing = 0;
		};
/* End PBXResourcesBuildPhase section */

/* Begin PBXSourcesBuildPhase section */
		51CAB400283B8A1500EA2764 /* Sources */ = {
			isa = PBXSourcesBuildPhase;
			buildActionMask = 2147483647;
			files = (
				515A052F287CC12700AC5FD4 /* TabBarView.swift in Sources */,
				BC2E538F2850A0CA00A0F471 /* Extensions.swift in Sources */,
				51C06B93287707B2002BF611 /* BottomSheetView.swift in Sources */,
				5158F079284739590013ADC6 /* DunamuMainViewHeader.swift in Sources */,
				5151DAAC283F65B000943B14 /* CountryModel.swift in Sources */,
				BC2E53912850A3DD00A0F471 /* CalculateCountryListView.swift in Sources */,
				5151DAA2283F582400943B14 /* Dunamu.swift in Sources */,
				5151DAAE283F686C00943B14 /* DunamuViewModel.swift in Sources */,
				5139A4B728451DC000910525 /* DunamuRowView.swift in Sources */,
				5151DAA8283F63BB00943B14 /* DunamuMainView.swift in Sources */,
				515A0532287CC1D700AC5FD4 /* CalculateMainView.swift in Sources */,
				51C06B8528756D18002BF611 /* RealmManager.swift in Sources */,
				BC66920E2848846E0046DC92 /* ExchangeFlagView.swift in Sources */,
				BC263AF32861869E00844912 /* GADBanner.swift in Sources */,
				BC12346A283D087E0032FC56 /* ExchangeTextView.swift in Sources */,
				BC54476E283F375E00C0E2B0 /* MyCountryModel.swift in Sources */,
				51C06B9728771A71002BF611 /* StandardCountryModel.swift in Sources */,
				BC15F80D284498EA0075C4D5 /* KeyboardView.swift in Sources */,
				51CAB408283B8A1500EA2764 /* exchange_rate_calculatorApp.swift in Sources */,
				5151DAA6283F5FCB00943B14 /* DunamuModel.swift in Sources */,
			);
			runOnlyForDeploymentPostprocessing = 0;
		};
/* End PBXSourcesBuildPhase section */

/* Begin XCBuildConfiguration section */
		51CAB410283B8A1600EA2764 /* Debug */ = {
			isa = XCBuildConfiguration;
			buildSettings = {
				ALWAYS_SEARCH_USER_PATHS = NO;
				CLANG_ANALYZER_NONNULL = YES;
				CLANG_ANALYZER_NUMBER_OBJECT_CONVERSION = YES_AGGRESSIVE;
				CLANG_CXX_LANGUAGE_STANDARD = "gnu++17";
				CLANG_ENABLE_MODULES = YES;
				CLANG_ENABLE_OBJC_ARC = YES;
				CLANG_ENABLE_OBJC_WEAK = YES;
				CLANG_WARN_BLOCK_CAPTURE_AUTORELEASING = YES;
				CLANG_WARN_BOOL_CONVERSION = YES;
				CLANG_WARN_COMMA = YES;
				CLANG_WARN_CONSTANT_CONVERSION = YES;
				CLANG_WARN_DEPRECATED_OBJC_IMPLEMENTATIONS = YES;
				CLANG_WARN_DIRECT_OBJC_ISA_USAGE = YES_ERROR;
				CLANG_WARN_DOCUMENTATION_COMMENTS = YES;
				CLANG_WARN_EMPTY_BODY = YES;
				CLANG_WARN_ENUM_CONVERSION = YES;
				CLANG_WARN_INFINITE_RECURSION = YES;
				CLANG_WARN_INT_CONVERSION = YES;
				CLANG_WARN_NON_LITERAL_NULL_CONVERSION = YES;
				CLANG_WARN_OBJC_IMPLICIT_RETAIN_SELF = YES;
				CLANG_WARN_OBJC_LITERAL_CONVERSION = YES;
				CLANG_WARN_OBJC_ROOT_CLASS = YES_ERROR;
				CLANG_WARN_QUOTED_INCLUDE_IN_FRAMEWORK_HEADER = YES;
				CLANG_WARN_RANGE_LOOP_ANALYSIS = YES;
				CLANG_WARN_STRICT_PROTOTYPES = YES;
				CLANG_WARN_SUSPICIOUS_MOVE = YES;
				CLANG_WARN_UNGUARDED_AVAILABILITY = YES_AGGRESSIVE;
				CLANG_WARN_UNREACHABLE_CODE = YES;
				CLANG_WARN__DUPLICATE_METHOD_MATCH = YES;
				COPY_PHASE_STRIP = NO;
				DEBUG_INFORMATION_FORMAT = dwarf;
				ENABLE_STRICT_OBJC_MSGSEND = YES;
				ENABLE_TESTABILITY = YES;
				GCC_C_LANGUAGE_STANDARD = gnu11;
				GCC_DYNAMIC_NO_PIC = NO;
				GCC_NO_COMMON_BLOCKS = YES;
				GCC_OPTIMIZATION_LEVEL = 0;
				GCC_PREPROCESSOR_DEFINITIONS = (
					"DEBUG=1",
					"$(inherited)",
				);
				GCC_WARN_64_TO_32_BIT_CONVERSION = YES;
				GCC_WARN_ABOUT_RETURN_TYPE = YES_ERROR;
				GCC_WARN_UNDECLARED_SELECTOR = YES;
				GCC_WARN_UNINITIALIZED_AUTOS = YES_AGGRESSIVE;
				GCC_WARN_UNUSED_FUNCTION = YES;
				GCC_WARN_UNUSED_VARIABLE = YES;
				INFOPLIST_KEY_CFBundleDisplayName = "환율계산기";
				IPHONEOS_DEPLOYMENT_TARGET = 15.0;
				MTL_ENABLE_DEBUG_INFO = INCLUDE_SOURCE;
				MTL_FAST_MATH = YES;
				ONLY_ACTIVE_ARCH = YES;
				SDKROOT = iphoneos;
				SWIFT_ACTIVE_COMPILATION_CONDITIONS = DEBUG;
				SWIFT_OPTIMIZATION_LEVEL = "-Onone";
			};
			name = Debug;
		};
		51CAB411283B8A1600EA2764 /* Release */ = {
			isa = XCBuildConfiguration;
			buildSettings = {
				ALWAYS_SEARCH_USER_PATHS = NO;
				CLANG_ANALYZER_NONNULL = YES;
				CLANG_ANALYZER_NUMBER_OBJECT_CONVERSION = YES_AGGRESSIVE;
				CLANG_CXX_LANGUAGE_STANDARD = "gnu++17";
				CLANG_ENABLE_MODULES = YES;
				CLANG_ENABLE_OBJC_ARC = YES;
				CLANG_ENABLE_OBJC_WEAK = YES;
				CLANG_WARN_BLOCK_CAPTURE_AUTORELEASING = YES;
				CLANG_WARN_BOOL_CONVERSION = YES;
				CLANG_WARN_COMMA = YES;
				CLANG_WARN_CONSTANT_CONVERSION = YES;
				CLANG_WARN_DEPRECATED_OBJC_IMPLEMENTATIONS = YES;
				CLANG_WARN_DIRECT_OBJC_ISA_USAGE = YES_ERROR;
				CLANG_WARN_DOCUMENTATION_COMMENTS = YES;
				CLANG_WARN_EMPTY_BODY = YES;
				CLANG_WARN_ENUM_CONVERSION = YES;
				CLANG_WARN_INFINITE_RECURSION = YES;
				CLANG_WARN_INT_CONVERSION = YES;
				CLANG_WARN_NON_LITERAL_NULL_CONVERSION = YES;
				CLANG_WARN_OBJC_IMPLICIT_RETAIN_SELF = YES;
				CLANG_WARN_OBJC_LITERAL_CONVERSION = YES;
				CLANG_WARN_OBJC_ROOT_CLASS = YES_ERROR;
				CLANG_WARN_QUOTED_INCLUDE_IN_FRAMEWORK_HEADER = YES;
				CLANG_WARN_RANGE_LOOP_ANALYSIS = YES;
				CLANG_WARN_STRICT_PROTOTYPES = YES;
				CLANG_WARN_SUSPICIOUS_MOVE = YES;
				CLANG_WARN_UNGUARDED_AVAILABILITY = YES_AGGRESSIVE;
				CLANG_WARN_UNREACHABLE_CODE = YES;
				CLANG_WARN__DUPLICATE_METHOD_MATCH = YES;
				COPY_PHASE_STRIP = NO;
				DEBUG_INFORMATION_FORMAT = "dwarf-with-dsym";
				ENABLE_NS_ASSERTIONS = NO;
				ENABLE_STRICT_OBJC_MSGSEND = YES;
				GCC_C_LANGUAGE_STANDARD = gnu11;
				GCC_NO_COMMON_BLOCKS = YES;
				GCC_WARN_64_TO_32_BIT_CONVERSION = YES;
				GCC_WARN_ABOUT_RETURN_TYPE = YES_ERROR;
				GCC_WARN_UNDECLARED_SELECTOR = YES;
				GCC_WARN_UNINITIALIZED_AUTOS = YES_AGGRESSIVE;
				GCC_WARN_UNUSED_FUNCTION = YES;
				GCC_WARN_UNUSED_VARIABLE = YES;
				INFOPLIST_KEY_CFBundleDisplayName = "환율계산기";
				IPHONEOS_DEPLOYMENT_TARGET = 15.0;
				MTL_ENABLE_DEBUG_INFO = NO;
				MTL_FAST_MATH = YES;
				SDKROOT = iphoneos;
				SWIFT_COMPILATION_MODE = wholemodule;
				SWIFT_OPTIMIZATION_LEVEL = "-O";
				VALIDATE_PRODUCT = YES;
			};
			name = Release;
		};
		51CAB413283B8A1600EA2764 /* Debug */ = {
			isa = XCBuildConfiguration;
			buildSettings = {
				ASSETCATALOG_COMPILER_APPICON_NAME = AppIcon;
				ASSETCATALOG_COMPILER_GLOBAL_ACCENT_COLOR_NAME = AccentColor;
				CODE_SIGN_STYLE = Automatic;
				CURRENT_PROJECT_VERSION = 1;
				DEVELOPMENT_ASSET_PATHS = "\"exchange_rate_calculator/Preview Content\"";
				DEVELOPMENT_TEAM = F92UQYH2RA;
				ENABLE_PREVIEWS = YES;
				GENERATE_INFOPLIST_FILE = YES;
				INFOPLIST_FILE = "exchange-rate-calculator-Info.plist";
				INFOPLIST_KEY_UIApplicationSceneManifest_Generation = YES;
				INFOPLIST_KEY_UIApplicationSupportsIndirectInputEvents = YES;
				INFOPLIST_KEY_UILaunchScreen_Generation = YES;
				INFOPLIST_KEY_UISupportedInterfaceOrientations_iPad = "UIInterfaceOrientationPortrait UIInterfaceOrientationPortraitUpsideDown UIInterfaceOrientationLandscapeLeft UIInterfaceOrientationLandscapeRight";
				INFOPLIST_KEY_UISupportedInterfaceOrientations_iPhone = UIInterfaceOrientationPortrait;
				INFOPLIST_KEY_UIUserInterfaceStyle = Light;
				IPHONEOS_DEPLOYMENT_TARGET = 15.0;
				LD_RUNPATH_SEARCH_PATHS = (
					"$(inherited)",
					"@executable_path/Frameworks",
				);
				MARKETING_VERSION = 1.0;
				PRODUCT_BUNDLE_IDENTIFIER = "hongkim.exchange-rate-calculator";
				PRODUCT_NAME = "$(TARGET_NAME)";
				SWIFT_EMIT_LOC_STRINGS = YES;
				SWIFT_VERSION = 5.0;
				TARGETED_DEVICE_FAMILY = 1;
			};
			name = Debug;
		};
		51CAB414283B8A1600EA2764 /* Release */ = {
			isa = XCBuildConfiguration;
			buildSettings = {
				ASSETCATALOG_COMPILER_APPICON_NAME = AppIcon;
				ASSETCATALOG_COMPILER_GLOBAL_ACCENT_COLOR_NAME = AccentColor;
				CODE_SIGN_STYLE = Automatic;
				CURRENT_PROJECT_VERSION = 1;
				DEVELOPMENT_ASSET_PATHS = "\"exchange_rate_calculator/Preview Content\"";
				DEVELOPMENT_TEAM = F92UQYH2RA;
				ENABLE_PREVIEWS = YES;
				GENERATE_INFOPLIST_FILE = YES;
				INFOPLIST_FILE = "exchange-rate-calculator-Info.plist";
				INFOPLIST_KEY_UIApplicationSceneManifest_Generation = YES;
				INFOPLIST_KEY_UIApplicationSupportsIndirectInputEvents = YES;
				INFOPLIST_KEY_UILaunchScreen_Generation = YES;
				INFOPLIST_KEY_UISupportedInterfaceOrientations_iPad = "UIInterfaceOrientationPortrait UIInterfaceOrientationPortraitUpsideDown UIInterfaceOrientationLandscapeLeft UIInterfaceOrientationLandscapeRight";
				INFOPLIST_KEY_UISupportedInterfaceOrientations_iPhone = UIInterfaceOrientationPortrait;
				INFOPLIST_KEY_UIUserInterfaceStyle = Light;
				IPHONEOS_DEPLOYMENT_TARGET = 15.0;
				LD_RUNPATH_SEARCH_PATHS = (
					"$(inherited)",
					"@executable_path/Frameworks",
				);
				MARKETING_VERSION = 1.0;
				PRODUCT_BUNDLE_IDENTIFIER = "hongkim.exchange-rate-calculator";
				PRODUCT_NAME = "$(TARGET_NAME)";
				SWIFT_EMIT_LOC_STRINGS = YES;
				SWIFT_VERSION = 5.0;
				TARGETED_DEVICE_FAMILY = 1;
			};
			name = Release;
		};
/* End XCBuildConfiguration section */

/* Begin XCConfigurationList section */
		51CAB3FF283B8A1500EA2764 /* Build configuration list for PBXProject "exchange_rate_calculator" */ = {
			isa = XCConfigurationList;
			buildConfigurations = (
				51CAB410283B8A1600EA2764 /* Debug */,
				51CAB411283B8A1600EA2764 /* Release */,
			);
			defaultConfigurationIsVisible = 0;
			defaultConfigurationName = Release;
		};
		51CAB412283B8A1600EA2764 /* Build configuration list for PBXNativeTarget "exchange_rate_calculator" */ = {
			isa = XCConfigurationList;
			buildConfigurations = (
				51CAB413283B8A1600EA2764 /* Debug */,
				51CAB414283B8A1600EA2764 /* Release */,
			);
			defaultConfigurationIsVisible = 0;
			defaultConfigurationName = Release;
		};
/* End XCConfigurationList section */

/* Begin XCRemoteSwiftPackageReference section */
		5151DA9E283F0C9000943B14 /* XCRemoteSwiftPackageReference "FlagKit" */ = {
			isa = XCRemoteSwiftPackageReference;
			repositoryURL = "https://github.com/madebybowtie/FlagKit.git";
			requirement = {
				kind = upToNextMajorVersion;
				minimumVersion = 2.0.0;
			};
		};
		5158F08B2848DB630013ADC6 /* XCRemoteSwiftPackageReference "SwiftUI-Introspect" */ = {
			isa = XCRemoteSwiftPackageReference;
			repositoryURL = "https://github.com/siteline/SwiftUI-Introspect.git";
			requirement = {
				kind = upToNextMajorVersion;
				minimumVersion = 0.1.4;
			};
		};
		515C36D728617A9C00A3D74A /* XCRemoteSwiftPackageReference "PopupView" */ = {
			isa = XCRemoteSwiftPackageReference;
			repositoryURL = "https://github.com/exyte/PopupView.git";
			requirement = {
				kind = upToNextMajorVersion;
				minimumVersion = 1.0.0;
			};
		};
		51CAB420283B8C1700EA2764 /* XCRemoteSwiftPackageReference "Alamofire" */ = {
			isa = XCRemoteSwiftPackageReference;
			repositoryURL = "https://github.com/Alamofire/Alamofire.git";
			requirement = {
				kind = upToNextMajorVersion;
				minimumVersion = 5.0.0;
			};
		};
		51CAB423283B8C9800EA2764 /* XCRemoteSwiftPackageReference "realm-swift" */ = {
			isa = XCRemoteSwiftPackageReference;
			repositoryURL = "https://github.com/realm/realm-swift.git";
			requirement = {
				branch = master;
				kind = branch;
			};
		};
		BC263AEF2861836000844912 /* XCRemoteSwiftPackageReference "swift-package-manager-google-mobile-ads" */ = {
			isa = XCRemoteSwiftPackageReference;
			repositoryURL = "https://github.com/googleads/swift-package-manager-google-mobile-ads.git";
			requirement = {
				branch = master;
				kind = branch;
			};
		};
/* End XCRemoteSwiftPackageReference section */

/* Begin XCSwiftPackageProductDependency section */
		5151DA9F283F0C9000943B14 /* FlagKit */ = {
			isa = XCSwiftPackageProductDependency;
			package = 5151DA9E283F0C9000943B14 /* XCRemoteSwiftPackageReference "FlagKit" */;
			productName = FlagKit;
		};
		5158F08C2848DB630013ADC6 /* Introspect */ = {
			isa = XCSwiftPackageProductDependency;
			package = 5158F08B2848DB630013ADC6 /* XCRemoteSwiftPackageReference "SwiftUI-Introspect" */;
			productName = Introspect;
		};
		515C36D828617A9C00A3D74A /* PopupView */ = {
			isa = XCSwiftPackageProductDependency;
			package = 515C36D728617A9C00A3D74A /* XCRemoteSwiftPackageReference "PopupView" */;
			productName = PopupView;
		};
		51CAB421283B8C1700EA2764 /* Alamofire */ = {
			isa = XCSwiftPackageProductDependency;
			package = 51CAB420283B8C1700EA2764 /* XCRemoteSwiftPackageReference "Alamofire" */;
			productName = Alamofire;
		};
		51CAB424283B8C9800EA2764 /* Realm */ = {
			isa = XCSwiftPackageProductDependency;
			package = 51CAB423283B8C9800EA2764 /* XCRemoteSwiftPackageReference "realm-swift" */;
			productName = Realm;
		};
		51CAB426283B8C9800EA2764 /* RealmSwift */ = {
			isa = XCSwiftPackageProductDependency;
			package = 51CAB423283B8C9800EA2764 /* XCRemoteSwiftPackageReference "realm-swift" */;
			productName = RealmSwift;
		};
		BC263AF02861836000844912 /* GoogleMobileAds */ = {
			isa = XCSwiftPackageProductDependency;
			package = BC263AEF2861836000844912 /* XCRemoteSwiftPackageReference "swift-package-manager-google-mobile-ads" */;
			productName = GoogleMobileAds;
		};
/* End XCSwiftPackageProductDependency section */
	};
	rootObject = 51CAB3FC283B8A1500EA2764 /* Project object */;
}
